
Microsoft Visual Studio Solution File, Format Version 10.00
# Visual Studio 2008
Project("{FAE04EC0-301F-11D3-BF4B-00C04F79EFBC}") = "Wzd.DirectUI", "Wzd.DirectUI\Wzd.DirectUI.csproj", "{C5C559C1-D033-428C-AC11-3723FC655E3B}"
EndProject
Global
	GlobalSection(SolutionConfigurationPlatforms) = preSolution
		Debug|Any CPU = Debug|Any CPU
		Release|Any CPU = Release|Any CPU
	EndGlobalSection
	GlobalSection(ProjectConfigurationPlatforms) = postSolution
		{C5C559C1-D033-428C-AC11-3723FC655E3B}.Debug|Any CPU.ActiveCfg = Debug|Any CPU
		{C5C559C1-D033-428C-AC11-3723FC655E3B}.Debug|Any CPU.Build.0 = Debug|Any CPU
		{C5C559C1-D033-428C-AC11-3723FC655E3B}.Release|Any CPU.ActiveCfg = Release|Any CPU
		{C5C559C1-D033-428C-AC11-3723FC655E3B}.Release|Any CPU.Build.0 = Release|Any CPU
	EndGlobalSection
	GlobalSection(SolutionProperties) = preSolution
		HideSolutionNode = FALSE
	EndGlobalSection
EndGlobal
